
Microsoft Visual Studio Solution File, Format Version 12.00
# Visual Studio 15
VisualStudioVersion = 15.0.28307.168
MinimumVisualStudioVersion = 10.0.40219.1
Project("{8BC9CEB8-8B4A-11D0-8D11-00A0C91BC942}") = "open_address_hash", "open_address_hash\open_address_hash.vcxproj", "{FDFF1396-196B-4519-81AF-BE4576007F1A}"
EndProject
Global
	GlobalSection(SolutionConfigurationPlatforms) = preSolution
		Debug|x64 = Debug|x64
		Debug|x86 = Debug|x86
		Release|x64 = Release|x64
		Release|x86 = Release|x86
	EndGlobalSection
	GlobalSection(ProjectConfigurationPlatforms) = postSolution
		{FDFF1396-196B-4519-81AF-BE4576007F1A}.Debug|x64.ActiveCfg = Debug|x64
		{FDFF1396-196B-4519-81AF-BE4576007F1A}.Debug|x64.Build.0 = Debug|x64
		{FDFF1396-196B-4519-81AF-BE4576007F1A}.Debug|x86.ActiveCfg = Debug|Win32
		{FDFF1396-196B-4519-81AF-BE4576007F1A}.Debug|x86.Build.0 = Debug|Win32
		{FDFF1396-196B-4519-81AF-BE4576007F1A}.Release|x64.ActiveCfg = Release|x64
		{FDFF1396-196B-4519-81AF-BE4576007F1A}.Release|x64.Build.0 = Release|x64
		{FDFF1396-196B-4519-81AF-BE4576007F1A}.Release|x86.ActiveCfg = Release|Win32
		{FDFF1396-196B-4519-81AF-BE4576007F1A}.Release|x86.Build.0 = Release|Win32
	EndGlobalSection
	GlobalSection(SolutionProperties) = preSolution
		HideSolutionNode = FALSE
	EndGlobalSection
	GlobalSection(ExtensibilityGlobals) = postSolution
		SolutionGuid = {0F1D5DD9-8A80-4B73-A3DC-281A5EF82A7C}
	EndGlobalSection
EndGlobal
